// !$*UTF8*$!
{
	archiveVersion = 1;
	classes = {
	};
	objectVersion = 46;
	objects = {

/* Begin PBXBuildFile section */
		8629C3F018E2C517008422F6 /* Foundation.framework in Frameworks */ = {isa = PBXBuildFile; fileRef = 8629C3EF18E2C517008422F6 /* Foundation.framework */; };
		8629C3F218E2C517008422F6 /* CoreGraphics.framework in Frameworks */ = {isa = PBXBuildFile; fileRef = 8629C3F118E2C517008422F6 /* CoreGraphics.framework */; };
		8629C3F418E2C517008422F6 /* UIKit.framework in Frameworks */ = {isa = PBXBuildFile; fileRef = 8629C3F318E2C517008422F6 /* UIKit.framework */; };
		8629C3FA18E2C517008422F6 /* InfoPlist.strings in Resources */ = {isa = PBXBuildFile; fileRef = 8629C3F818E2C517008422F6 /* InfoPlist.strings */; };
		8629C3FC18E2C517008422F6 /* main.m in Sources */ = {isa = PBXBuildFile; fileRef = 8629C3FB18E2C517008422F6 /* main.m */; };
		8629C40018E2C517008422F6 /* TKAppDelegate.m in Sources */ = {isa = PBXBuildFile; fileRef = 8629C3FF18E2C517008422F6 /* TKAppDelegate.m */; };
		8629C40318E2C517008422F6 /* Main_iPhone.storyboard in Resources */ = {isa = PBXBuildFile; fileRef = 8629C40118E2C517008422F6 /* Main_iPhone.storyboard */; };
		8629C40618E2C517008422F6 /* Main_iPad.storyboard in Resources */ = {isa = PBXBuildFile; fileRef = 8629C40418E2C517008422F6 /* Main_iPad.storyboard */; };
		8629C40918E2C517008422F6 /* TKViewController.m in Sources */ = {isa = PBXBuildFile; fileRef = 8629C40818E2C517008422F6 /* TKViewController.m */; };
		8629C40B18E2C517008422F6 /* Images.xcassets in Resources */ = {isa = PBXBuildFile; fileRef = 8629C40A18E2C517008422F6 /* Images.xcassets */; };
		8629C41218E2C517008422F6 /* XCTest.framework in Frameworks */ = {isa = PBXBuildFile; fileRef = 8629C41118E2C517008422F6 /* XCTest.framework */; };
		8629C41318E2C517008422F6 /* Foundation.framework in Frameworks */ = {isa = PBXBuildFile; fileRef = 8629C3EF18E2C517008422F6 /* Foundation.framework */; };
		8629C41418E2C517008422F6 /* UIKit.framework in Frameworks */ = {isa = PBXBuildFile; fileRef = 8629C3F318E2C517008422F6 /* UIKit.framework */; };
		8629C41C18E2C517008422F6 /* InfoPlist.strings in Resources */ = {isa = PBXBuildFile; fileRef = 8629C41A18E2C517008422F6 /* InfoPlist.strings */; };
		8629C41E18E2C517008422F6 /* TKRefereshTableHeaderViewTests.m in Sources */ = {isa = PBXBuildFile; fileRef = 8629C41D18E2C517008422F6 /* TKRefereshTableHeaderViewTests.m */; };
/* End PBXBuildFile section */

/* Begin PBXContainerItemProxy section */
		8629C41518E2C517008422F6 /* PBXContainerItemProxy */ = {
			isa = PBXContainerItemProxy;
			containerPortal = 8629C3E418E2C517008422F6 /* Project object */;
			proxyType = 1;
			remoteGlobalIDString = 8629C3EB18E2C517008422F6;
			remoteInfo = TKRefereshTableHeaderView;
		};
/* End PBXContainerItemProxy section */

/* Begin PBXFileReference section */
		8629C3EC18E2C517008422F6 /* TKRefereshTableHeaderView.app */ = {isa = PBXFileReference; explicitFileType = wrapper.application; includeInIndex = 0; path = TKRefereshTableHeaderView.app; sourceTree = BUILT_PRODUCTS_DIR; };
		8629C3EF18E2C517008422F6 /* Foundation.framework */ = {isa = PBXFileReference; lastKnownFileType = wrapper.framework; name = Foundation.framework; path = System/Library/Frameworks/Foundation.framework; sourceTree = SDKROOT; };
		8629C3F118E2C517008422F6 /* CoreGraphics.framework */ = {isa = PBXFileReference; lastKnownFileType = wrapper.framework; name = CoreGraphics.framework; path = System/Library/Frameworks/CoreGraphics.framework; sourceTree = SDKROOT; };
		8629C3F318E2C517008422F6 /* UIKit.framework */ = {isa = PBXFileReference; lastKnownFileType = wrapper.framework; name = UIKit.framework; path = System/Library/Frameworks/UIKit.framework; sourceTree = SDKROOT; };
		8629C3F718E2C517008422F6 /* TKRefereshTableHeaderView-Info.plist */ = {isa = PBXFileReference; lastKnownFileType = text.plist.xml; path = "TKRefereshTableHeaderView-Info.plist"; sourceTree = "<group>"; };
		8629C3F918E2C517008422F6 /* en */ = {isa = PBXFileReference; lastKnownFileType = text.plist.strings; name = en; path = en.lproj/InfoPlist.strings; sourceTree = "<group>"; };
		8629C3FB18E2C517008422F6 /* main.m */ = {isa = PBXFileReference; lastKnownFileType = sourcecode.c.objc; path = main.m; sourceTree = "<group>"; };
		8629C3FD18E2C517008422F6 /* TKRefereshTableHeaderView-Prefix.pch */ = {isa = PBXFileReference; lastKnownFileType = sourcecode.c.h; path = "TKRefereshTableHeaderView-Prefix.pch"; sourceTree = "<group>"; };
		8629C3FE18E2C517008422F6 /* TKAppDelegate.h */ = {isa = PBXFileReference; lastKnownFileType = sourcecode.c.h; path = TKAppDelegate.h; sourceTree = "<group>"; };
		8629C3FF18E2C517008422F6 /* TKAppDelegate.m */ = {isa = PBXFileReference; lastKnownFileType = sourcecode.c.objc; path = TKAppDelegate.m; sourceTree = "<group>"; };
		8629C40218E2C517008422F6 /* Base */ = {isa = PBXFileReference; lastKnownFileType = file.storyboard; name = Base; path = Base.lproj/Main_iPhone.storyboard; sourceTree = "<group>"; };
		8629C40518E2C517008422F6 /* Base */ = {isa = PBXFileReference; lastKnownFileType = file.storyboard; name = Base; path = Base.lproj/Main_iPad.storyboard; sourceTree = "<group>"; };
		8629C40718E2C517008422F6 /* TKViewController.h */ = {isa = PBXFileReference; lastKnownFileType = sourcecode.c.h; path = TKViewController.h; sourceTree = "<group>"; };
		8629C40818E2C517008422F6 /* TKViewController.m */ = {isa = PBXFileReference; lastKnownFileType = sourcecode.c.objc; path = TKViewController.m; sourceTree = "<group>"; };
		8629C40A18E2C517008422F6 /* Images.xcassets */ = {isa = PBXFileReference; lastKnownFileType = folder.assetcatalog; path = Images.xcassets; sourceTree = "<group>"; };
		8629C41018E2C517008422F6 /* TKRefereshTableHeaderViewTests.xctest */ = {isa = PBXFileReference; explicitFileType = wrapper.cfbundle; includeInIndex = 0; path = TKRefereshTableHeaderViewTests.xctest; sourceTree = BUILT_PRODUCTS_DIR; };
		8629C41118E2C517008422F6 /* XCTest.framework */ = {isa = PBXFileReference; lastKnownFileType = wrapper.framework; name = XCTest.framework; path = Library/Frameworks/XCTest.framework; sourceTree = DEVELOPER_DIR; };
		8629C41918E2C517008422F6 /* TKRefereshTableHeaderViewTests-Info.plist */ = {isa = PBXFileReference; lastKnownFileType = text.plist.xml; path = "TKRefereshTableHeaderViewTests-Info.plist"; sourceTree = "<group>"; };
		8629C41B18E2C517008422F6 /* en */ = {isa = PBXFileReference; lastKnownFileType = text.plist.strings; name = en; path = en.lproj/InfoPlist.strings; sourceTree = "<group>"; };
		8629C41D18E2C517008422F6 /* TKRefereshTableHeaderViewTests.m */ = {isa = PBXFileReference; lastKnownFileType = sourcecode.c.objc; path = TKRefereshTableHeaderViewTests.m; sourceTree = "<group>"; };
/* End PBXFileReference section */

/* Begin PBXFrameworksBuildPhase section */
		8629C3E918E2C517008422F6 /* Frameworks */ = {
			isa = PBXFrameworksBuildPhase;
			buildActionMask = 2147483647;
			files = (
				8629C3F218E2C517008422F6 /* CoreGraphics.framework in Frameworks */,
				8629C3F418E2C517008422F6 /* UIKit.framework in Frameworks */,
				8629C3F018E2C517008422F6 /* Foundation.framework in Frameworks */,
			);
			runOnlyForDeploymentPostprocessing = 0;
		};
		8629C40D18E2C517008422F6 /* Frameworks */ = {
			isa = PBXFrameworksBuildPhase;
			buildActionMask = 2147483647;
			files = (
				8629C41218E2C517008422F6 /* XCTest.framework in Frameworks */,
				8629C41418E2C517008422F6 /* UIKit.framework in Frameworks */,
				8629C41318E2C517008422F6 /* Foundation.framework in Frameworks */,
			);
			runOnlyForDeploymentPostprocessing = 0;
		};
/* End PBXFrameworksBuildPhase section */

/* Begin PBXGroup section */
		8629C3E318E2C517008422F6 = {
			isa = PBXGroup;
			children = (
				8629C3F518E2C517008422F6 /* TKRefereshTableHeaderView */,
				8629C41718E2C517008422F6 /* TKRefereshTableHeaderViewTests */,
				8629C3EE18E2C517008422F6 /* Frameworks */,
				8629C3ED18E2C517008422F6 /* Products */,
			);
			sourceTree = "<group>";
		};
		8629C3ED18E2C517008422F6 /* Products */ = {
			isa = PBXGroup;
			children = (
				8629C3EC18E2C517008422F6 /* TKRefereshTableHeaderView.app */,
				8629C41018E2C517008422F6 /* TKRefereshTableHeaderViewTests.xctest */,
			);
			name = Products;
			sourceTree = "<group>";
		};
		8629C3EE18E2C517008422F6 /* Frameworks */ = {
			isa = PBXGroup;
			children = (
				8629C3EF18E2C517008422F6 /* Foundation.framework */,
				8629C3F118E2C517008422F6 /* CoreGraphics.framework */,
				8629C3F318E2C517008422F6 /* UIKit.framework */,
				8629C41118E2C517008422F6 /* XCTest.framework */,
			);
			name = Frameworks;
			sourceTree = "<group>";
		};
		8629C3F518E2C517008422F6 /* TKRefereshTableHeaderView */ = {
			isa = PBXGroup;
			children = (
				8629C3FE18E2C517008422F6 /* TKAppDelegate.h */,
				8629C3FF18E2C517008422F6 /* TKAppDelegate.m */,
				8629C40118E2C517008422F6 /* Main_iPhone.storyboard */,
				8629C40418E2C517008422F6 /* Main_iPad.storyboard */,
				8629C40718E2C517008422F6 /* TKViewController.h */,
				8629C40818E2C517008422F6 /* TKViewController.m */,
				8629C40A18E2C517008422F6 /* Images.xcassets */,
				8629C3F618E2C517008422F6 /* Supporting Files */,
			);
			path = TKRefereshTableHeaderView;
			sourceTree = "<group>";
		};
		8629C3F618E2C517008422F6 /* Supporting Files */ = {
			isa = PBXGroup;
			children = (
				8629C3F718E2C517008422F6 /* TKRefereshTableHeaderView-Info.plist */,
				8629C3F818E2C517008422F6 /* InfoPlist.strings */,
				8629C3FB18E2C517008422F6 /* main.m */,
				8629C3FD18E2C517008422F6 /* TKRefereshTableHeaderView-Prefix.pch */,
			);
			name = "Supporting Files";
			sourceTree = "<group>";
		};
		8629C41718E2C517008422F6 /* TKRefereshTableHeaderViewTests */ = {
			isa = PBXGroup;
			children = (
				8629C41D18E2C517008422F6 /* TKRefereshTableHeaderViewTests.m */,
				8629C41818E2C517008422F6 /* Supporting Files */,
			);
			path = TKRefereshTableHeaderViewTests;
			sourceTree = "<group>";
		};
		8629C41818E2C517008422F6 /* Supporting Files */ = {
			isa = PBXGroup;
			children = (
				8629C41918E2C517008422F6 /* TKRefereshTableHeaderViewTests-Info.plist */,
				8629C41A18E2C517008422F6 /* InfoPlist.strings */,
			);
			name = "Supporting Files";
			sourceTree = "<group>";
		};
/* End PBXGroup section */

/* Begin PBXNativeTarget section */
		8629C3EB18E2C517008422F6 /* TKRefereshTableHeaderView */ = {
			isa = PBXNativeTarget;
			buildConfigurationList = 8629C42118E2C517008422F6 /* Build configuration list for PBXNativeTarget "TKRefereshTableHeaderView" */;
			buildPhases = (
				8629C3E818E2C517008422F6 /* Sources */,
				8629C3E918E2C517008422F6 /* Frameworks */,
				8629C3EA18E2C517008422F6 /* Resources */,
			);
			buildRules = (
			);
			dependencies = (
			);
			name = TKRefereshTableHeaderView;
			productName = TKRefereshTableHeaderView;
			productReference = 8629C3EC18E2C517008422F6 /* TKRefereshTableHeaderView.app */;
			productType = "com.apple.product-type.application";
		};
		8629C40F18E2C517008422F6 /* TKRefereshTableHeaderViewTests */ = {
			isa = PBXNativeTarget;
			buildConfigurationList = 8629C42418E2C517008422F6 /* Build configuration list for PBXNativeTarget "TKRefereshTableHeaderViewTests" */;
			buildPhases = (
				8629C40C18E2C517008422F6 /* Sources */,
				8629C40D18E2C517008422F6 /* Frameworks */,
				8629C40E18E2C517008422F6 /* Resources */,
			);
			buildRules = (
			);
			dependencies = (
				8629C41618E2C517008422F6 /* PBXTargetDependency */,
			);
			name = TKRefereshTableHeaderViewTests;
			productName = TKRefereshTableHeaderViewTests;
			productReference = 8629C41018E2C517008422F6 /* TKRefereshTableHeaderViewTests.xctest */;
			productType = "com.apple.product-type.bundle.unit-test";
		};
/* End PBXNativeTarget section */

/* Begin PBXProject section */
		8629C3E418E2C517008422F6 /* Project object */ = {
			isa = PBXProject;
			attributes = {
				CLASSPREFIX = TK;
				LastUpgradeCheck = 0510;
				ORGANIZATIONNAME = lifestyle;
				TargetAttributes = {
					8629C40F18E2C517008422F6 = {
						TestTargetID = 8629C3EB18E2C517008422F6;
					};
				};
			};
			buildConfigurationList = 8629C3E718E2C517008422F6 /* Build configuration list for PBXProject "TKRefereshTableHeaderView" */;
			compatibilityVersion = "Xcode 3.2";
			developmentRegion = English;
			hasScannedForEncodings = 0;
			knownRegions = (
				en,
				Base,
			);
			mainGroup = 8629C3E318E2C517008422F6;
			productRefGroup = 8629C3ED18E2C517008422F6 /* Products */;
			projectDirPath = "";
			projectRoot = "";
			targets = (
				8629C3EB18E2C517008422F6 /* TKRefereshTableHeaderView */,
				8629C40F18E2C517008422F6 /* TKRefereshTableHeaderViewTests */,
			);
		};
/* End PBXProject section */

/* Begin PBXResourcesBuildPhase section */
		8629C3EA18E2C517008422F6 /* Resources */ = {
			isa = PBXResourcesBuildPhase;
			buildActionMask = 2147483647;
			files = (
				8629C40618E2C517008422F6 /* Main_iPad.storyboard in Resources */,
				8629C40B18E2C517008422F6 /* Images.xcassets in Resources */,
				8629C40318E2C517008422F6 /* Main_iPhone.storyboard in Resources */,
				8629C3FA18E2C517008422F6 /* InfoPlist.strings in Resources */,
			);
			runOnlyForDeploymentPostprocessing = 0;
		};
		8629C40E18E2C517008422F6 /* Resources */ = {
			isa = PBXResourcesBuildPhase;
			buildActionMask = 2147483647;
			files = (
				8629C41C18E2C517008422F6 /* InfoPlist.strings in Resources */,
			);
			runOnlyForDeploymentPostprocessing = 0;
		};
/* End PBXResourcesBuildPhase section */

/* Begin PBXSourcesBuildPhase section */
		8629C3E818E2C517008422F6 /* Sources */ = {
			isa = PBXSourcesBuildPhase;
			buildActionMask = 2147483647;
			files = (
				8629C40918E2C517008422F6 /* TKViewController.m in Sources */,
				8629C3FC18E2C517008422F6 /* main.m in Sources */,
				8629C40018E2C517008422F6 /* TKAppDelegate.m in Sources */,
			);
			runOnlyForDeploymentPostprocessing = 0;
		};
		8629C40C18E2C517008422F6 /* Sources */ = {
			isa = PBXSourcesBuildPhase;
			buildActionMask = 2147483647;
			files = (
				8629C41E18E2C517008422F6 /* TKRefereshTableHeaderViewTests.m in Sources */,
			);
			runOnlyForDeploymentPostprocessing = 0;
		};
/* End PBXSourcesBuildPhase section */

/* Begin PBXTargetDependency section */
		8629C41618E2C517008422F6 /* PBXTargetDependency */ = {
			isa = PBXTargetDependency;
			target = 8629C3EB18E2C517008422F6 /* TKRefereshTableHeaderView */;
			targetProxy = 8629C41518E2C517008422F6 /* PBXContainerItemProxy */;
		};
/* End PBXTargetDependency section */

/* Begin PBXVariantGroup section */
		8629C3F818E2C517008422F6 /* InfoPlist.strings */ = {
			isa = PBXVariantGroup;
			children = (
				8629C3F918E2C517008422F6 /* en */,
			);
			name = InfoPlist.strings;
			sourceTree = "<group>";
		};
		8629C40118E2C517008422F6 /* Main_iPhone.storyboard */ = {
			isa = PBXVariantGroup;
			children = (
				8629C40218E2C517008422F6 /* Base */,
			);
			name = Main_iPhone.storyboard;
			sourceTree = "<group>";
		};
		8629C40418E2C517008422F6 /* Main_iPad.storyboard */ = {
			isa = PBXVariantGroup;
			children = (
				8629C40518E2C517008422F6 /* Base */,
			);
			name = Main_iPad.storyboard;
			sourceTree = "<group>";
		};
		8629C41A18E2C517008422F6 /* InfoPlist.strings */ = {
			isa = PBXVariantGroup;
			children = (
				8629C41B18E2C517008422F6 /* en */,
			);
			name = InfoPlist.strings;
			sourceTree = "<group>";
		};
/* End PBXVariantGroup section */

/* Begin XCBuildConfiguration section */
		8629C41F18E2C517008422F6 /* Debug */ = {
			isa = XCBuildConfiguration;
			buildSettings = {
				ALWAYS_SEARCH_USER_PATHS = NO;
				ARCHS = "$(ARCHS_STANDARD_INCLUDING_64_BIT)";
				CLANG_CXX_LANGUAGE_STANDARD = "gnu++0x";
				CLANG_CXX_LIBRARY = "libc++";
				CLANG_ENABLE_MODULES = YES;
				CLANG_ENABLE_OBJC_ARC = YES;
				CLANG_WARN_BOOL_CONVERSION = YES;
				CLANG_WARN_CONSTANT_CONVERSION = YES;
				CLANG_WARN_DIRECT_OBJC_ISA_USAGE = YES_ERROR;
				CLANG_WARN_EMPTY_BODY = YES;
				CLANG_WARN_ENUM_CONVERSION = YES;
				CLANG_WARN_INT_CONVERSION = YES;
				CLANG_WARN_OBJC_ROOT_CLASS = YES_ERROR;
				CLANG_WARN__DUPLICATE_METHOD_MATCH = YES;
				"CODE_SIGN_IDENTITY[sdk=iphoneos*]" = "iPhone Developer";
				COPY_PHASE_STRIP = NO;
				GCC_C_LANGUAGE_STANDARD = gnu99;
				GCC_DYNAMIC_NO_PIC = NO;
				GCC_OPTIMIZATION_LEVEL = 0;
				GCC_PREPROCESSOR_DEFINITIONS = (
					"DEBUG=1",
					"$(inherited)",
				);
				GCC_SYMBOLS_PRIVATE_EXTERN = NO;
				GCC_WARN_64_TO_32_BIT_CONVERSION = YES;
				GCC_WARN_ABOUT_RETURN_TYPE = YES_ERROR;
				GCC_WARN_UNDECLARED_SELECTOR = YES;
				GCC_WARN_UNINITIALIZED_AUTOS = YES_AGGRESSIVE;
				GCC_WARN_UNUSED_FUNCTION = YES;
				GCC_WARN_UNUSED_VARIABLE = YES;
				IPHONEOS_DEPLOYMENT_TARGET = 7.1;
				ONLY_ACTIVE_ARCH = YES;
				SDKROOT = iphoneos;
				TARGETED_DEVICE_FAMILY = "1,2";
			};
			name = Debug;
		};
		8629C42018E2C517008422F6 /* Release */ = {
			isa = XCBuildConfiguration;
			buildSettings = {
				ALWAYS_SEARCH_USER_PATHS = NO;
				ARCHS = "$(ARCHS_STANDARD_INCLUDING_64_BIT)";
				CLANG_CXX_LANGUAGE_STANDARD = "gnu++0x";
				CLANG_CXX_LIBRARY = "libc++";
				CLANG_ENABLE_MODULES = YES;
				CLANG_ENABLE_OBJC_ARC = YES;
				CLANG_WARN_BOOL_CONVERSION = YES;
				CLANG_WARN_CONSTANT_CONVERSION = YES;
				CLANG_WARN_DIRECT_OBJC_ISA_USAGE = YES_ERROR;
				CLANG_WARN_EMPTY_BODY = YES;
				CLANG_WARN_ENUM_CONVERSION = YES;
				CLANG_WARN_INT_CONVERSION = YES;
				CLANG_WARN_OBJC_ROOT_CLASS = YES_ERROR;
				CLANG_WARN__DUPLICATE_METHOD_MATCH = YES;
				"CODE_SIGN_IDENTITY[sdk=iphoneos*]" = "iPhone Developer";
				COPY_PHASE_STRIP = YES;
				ENABLE_NS_ASSERTIONS = NO;
				GCC_C_LANGUAGE_STANDARD = gnu99;
				GCC_WARN_64_TO_32_BIT_CONVERSION = YES;
				GCC_WARN_ABOUT_RETURN_TYPE = YES_ERROR;
				GCC_WARN_UNDECLARED_SELECTOR = YES;
				GCC_WARN_UNINITIALIZED_AUTOS = YES_AGGRESSIVE;
				GCC_WARN_UNUSED_FUNCTION = YES;
				GCC_WARN_UNUSED_VARIABLE = YES;
				IPHONEOS_DEPLOYMENT_TARGET = 7.1;
				SDKROOT = iphoneos;
				TARGETED_DEVICE_FAMILY = "1,2";
				VALIDATE_PRODUCT = YES;
			};
			name = Release;
		};
		8629C42218E2C517008422F6 /* Debug */ = {
			isa = XCBuildConfiguration;
			buildSettings = {
				ASSETCATALOG_COMPILER_APPICON_NAME = AppIcon;
				ASSETCATALOG_COMPILER_LAUNCHIMAGE_NAME = LaunchImage;
				GCC_PRECOMPILE_PREFIX_HEADER = YES;
				GCC_PREFIX_HEADER = "TKRefereshTableHeaderView/TKRefereshTableHeaderView-Prefix.pch";
				INFOPLIST_FILE = "TKRefereshTableHeaderView/TKRefereshTableHeaderView-Info.plist";
				PRODUCT_NAME = "$(TARGET_NAME)";
				WRAPPER_EXTENSION = app;
			};
			name = Debug;
		};
		8629C42318E2C517008422F6 /* Release */ = {
			isa = XCBuildConfiguration;
			buildSettings = {
				ASSETCATALOG_COMPILER_APPICON_NAME = AppIcon;
				ASSETCATALOG_COMPILER_LAUNCHIMAGE_NAME = LaunchImage;
				GCC_PRECOMPILE_PREFIX_HEADER = YES;
				GCC_PREFIX_HEADER = "TKRefereshTableHeaderView/TKRefereshTableHeaderView-Prefix.pch";
				INFOPLIST_FILE = "TKRefereshTableHeaderView/TKRefereshTableHeaderView-Info.plist";
				PRODUCT_NAME = "$(TARGET_NAME)";
				WRAPPER_EXTENSION = app;
			};
			name = Release;
		};
		8629C42518E2C517008422F6 /* Debug */ = {
			isa = XCBuildConfiguration;
			buildSettings = {
				ARCHS = "$(ARCHS_STANDARD_INCLUDING_64_BIT)";
				BUNDLE_LOADER = "$(BUILT_PRODUCTS_DIR)/TKRefereshTableHeaderView.app/TKRefereshTableHeaderView";
				FRAMEWORK_SEARCH_PATHS = (
					"$(SDKROOT)/Developer/Library/Frameworks",
					"$(inherited)",
					"$(DEVELOPER_FRAMEWORKS_DIR)",
				);
				GCC_PRECOMPILE_PREFIX_HEADER = YES;
				GCC_PREFIX_HEADER = "TKRefereshTableHeaderView/TKRefereshTableHeaderView-Prefix.pch";
				GCC_PREPROCESSOR_DEFINITIONS = (
					"DEBUG=1",
					"$(inherited)",
				);
				INFOPLIST_FILE = "TKRefereshTableHeaderViewTests/TKRefereshTableHeaderViewTests-Info.plist";
				PRODUCT_NAME = "$(TARGET_NAME)";
				TEST_HOST = "$(BUNDLE_LOADER)";
				WRAPPER_EXTENSION = xctest;
			};
			name = Debug;
		};
		8629C42618E2C517008422F6 /* Release */ = {
			isa = XCBuildConfiguration;
			buildSettings = {
				ARCHS = "$(ARCHS_STANDARD_INCLUDING_64_BIT)";
				BUNDLE_LOADER = "$(BUILT_PRODUCTS_DIR)/TKRefereshTableHeaderView.app/TKRefereshTableHeaderView";
				FRAMEWORK_SEARCH_PATHS = (
					"$(SDKROOT)/Developer/Library/Frameworks",
					"$(inherited)",
					"$(DEVELOPER_FRAMEWORKS_DIR)",
				);
				GCC_PRECOMPILE_PREFIX_HEADER = YES;
				GCC_PREFIX_HEADER = "TKRefereshTableHeaderView/TKRefereshTableHeaderView-Prefix.pch";
				INFOPLIST_FILE = "TKRefereshTableHeaderViewTests/TKRefereshTableHeaderViewTests-Info.plist";
				PRODUCT_NAME = "$(TARGET_NAME)";
				TEST_HOST = "$(BUNDLE_LOADER)";
				WRAPPER_EXTENSION = xctest;
			};
			name = Release;
		};
/* End XCBuildConfiguration section */

/* Begin XCConfigurationList section */
		8629C3E718E2C517008422F6 /* Build configuration list for PBXProject "TKRefereshTableHeaderView" */ = {
			isa = XCConfigurationList;
			buildConfigurations = (
				8629C41F18E2C517008422F6 /* Debug */,
				8629C42018E2C517008422F6 /* Release */,
			);
			defaultConfigurationIsVisible = 0;
			defaultConfigurationName = Release;
		};
		8629C42118E2C517008422F6 /* Build configuration list for PBXNativeTarget "TKRefereshTableHeaderView" */ = {
			isa = XCConfigurationList;
			buildConfigurations = (
				8629C42218E2C517008422F6 /* Debug */,
				8629C42318E2C517008422F6 /* Release */,
			);
			defaultConfigurationIsVisible = 0;
		};
		8629C42418E2C517008422F6 /* Build configuration list for PBXNativeTarget "TKRefereshTableHeaderViewTests" */ = {
			isa = XCConfigurationList;
			buildConfigurations = (
				8629C42518E2C517008422F6 /* Debug */,
				8629C42618E2C517008422F6 /* Release */,
			);
			defaultConfigurationIsVisible = 0;
		};
/* End XCConfigurationList section */
	};
	rootObject = 8629C3E418E2C517008422F6 /* Project object */;
}
